
Microsoft Visual Studio Solution File, Format Version 12.00
# Visual Studio Version 17
VisualStudioVersion = 17.2.32505.173
MinimumVisualStudioVersion = 10.0.40219.1
Project("{FAE04EC0-301F-11D3-BF4B-00C04F79EFBC}") = "ZombieShooter", "ZombieShooter\ZombieShooter.csproj", "{F28A0903-B3D0-4481-A2E8-EB6807B431C8}"
EndProject
Global
	GlobalSection(SolutionConfigurationPlatforms) = preSolution
		Debug|Any CPU = Debug|Any CPU
		Release|Any CPU = Release|Any CPU
	EndGlobalSection
	GlobalSection(ProjectConfigurationPlatforms) = postSolution
		{F28A0903-B3D0-4481-A2E8-EB6807B431C8}.Debug|Any CPU.ActiveCfg = Debug|Any CPU
		{F28A0903-B3D0-4481-A2E8-EB6807B431C8}.Debug|Any CPU.Build.0 = Debug|Any CPU
		{F28A0903-B3D0-4481-A2E8-EB6807B431C8}.Release|Any CPU.ActiveCfg = Release|Any CPU
		{F28A0903-B3D0-4481-A2E8-EB6807B431C8}.Release|Any CPU.Build.0 = Release|Any CPU
	EndGlobalSection
	GlobalSection(SolutionProperties) = preSolution
		HideSolutionNode = FALSE
	EndGlobalSection
	GlobalSection(ExtensibilityGlobals) = postSolution
		SolutionGuid = {8E5E8E45-50A1-403C-9504-086EB7213212}
	EndGlobalSection
EndGlobal
